
Microsoft Visual Studio Solution File, Format Version 12.00
# Visual Studio Version 17
VisualStudioVersion = 17.3.32825.248
MinimumVisualStudioVersion = 10.0.40219.1
Project("{FAE04EC0-301F-11D3-BF4B-00C04F79EFBC}") = "Lab 10 Facade", "Lab 10 Facade\Lab 10 Facade.csproj", "{AEB79A97-67AA-4DE5-874A-1818E0815FE8}"
EndProject
Project("{2150E333-8FDC-42A3-9474-1A3956D46DE8}") = "Элементы решения", "Элементы решения", "{05498443-975F-4762-9501-EF3894BE4474}"
	ProjectSection(SolutionItems) = preProject
		.gitignore = .gitignore
	EndProjectSection
EndProject
Global
	GlobalSection(SolutionConfigurationPlatforms) = preSolution
		Debug|Any CPU = Debug|Any CPU
		Release|Any CPU = Release|Any CPU
	EndGlobalSection
	GlobalSection(ProjectConfigurationPlatforms) = postSolution
		{AEB79A97-67AA-4DE5-874A-1818E0815FE8}.Debug|Any CPU.ActiveCfg = Debug|Any CPU
		{AEB79A97-67AA-4DE5-874A-1818E0815FE8}.Debug|Any CPU.Build.0 = Debug|Any CPU
		{AEB79A97-67AA-4DE5-874A-1818E0815FE8}.Release|Any CPU.ActiveCfg = Release|Any CPU
		{AEB79A97-67AA-4DE5-874A-1818E0815FE8}.Release|Any CPU.Build.0 = Release|Any CPU
	EndGlobalSection
	GlobalSection(SolutionProperties) = preSolution
		HideSolutionNode = FALSE
	EndGlobalSection
	GlobalSection(ExtensibilityGlobals) = postSolution
		SolutionGuid = {4FC34CF7-4458-46F5-9FF8-12F94A0C98ED}
	EndGlobalSection
EndGlobal
